
Microsoft Visual Studio Solution File, Format Version 12.00
# Visual Studio Version 16
VisualStudioVersion = 16.0.31129.286
MinimumVisualStudioVersion = 10.0.40219.1
Project("{FAE04EC0-301F-11D3-BF4B-00C04F79EFBC}") = "Quantity measurement", "Quantity measurement\Quantity measurement.csproj", "{75FC37DB-0120-42B9-A3AC-C2E0D3C29B95}"
EndProject
Project("{FAE04EC0-301F-11D3-BF4B-00C04F79EFBC}") = "MeasurementTest", "MeasurementTest\MeasurementTest.csproj", "{1DEAB498-3039-4E3A-96D8-A9B5C2CE39A7}"
EndProject
Global
	GlobalSection(SolutionConfigurationPlatforms) = preSolution
		Debug|Any CPU = Debug|Any CPU
		Release|Any CPU = Release|Any CPU
	EndGlobalSection
	GlobalSection(ProjectConfigurationPlatforms) = postSolution
		{75FC37DB-0120-42B9-A3AC-C2E0D3C29B95}.Debug|Any CPU.ActiveCfg = Debug|Any CPU
		{75FC37DB-0120-42B9-A3AC-C2E0D3C29B95}.Debug|Any CPU.Build.0 = Debug|Any CPU
		{75FC37DB-0120-42B9-A3AC-C2E0D3C29B95}.Release|Any CPU.ActiveCfg = Release|Any CPU
		{75FC37DB-0120-42B9-A3AC-C2E0D3C29B95}.Release|Any CPU.Build.0 = Release|Any CPU
		{1DEAB498-3039-4E3A-96D8-A9B5C2CE39A7}.Debug|Any CPU.ActiveCfg = Debug|Any CPU
		{1DEAB498-3039-4E3A-96D8-A9B5C2CE39A7}.Debug|Any CPU.Build.0 = Debug|Any CPU
		{1DEAB498-3039-4E3A-96D8-A9B5C2CE39A7}.Release|Any CPU.ActiveCfg = Release|Any CPU
		{1DEAB498-3039-4E3A-96D8-A9B5C2CE39A7}.Release|Any CPU.Build.0 = Release|Any CPU
	EndGlobalSection
	GlobalSection(SolutionProperties) = preSolution
		HideSolutionNode = FALSE
	EndGlobalSection
	GlobalSection(ExtensibilityGlobals) = postSolution
		SolutionGuid = {804F2C75-9159-43F2-BA14-0025E65DA859}
	EndGlobalSection
EndGlobal
